
Microsoft Visual Studio Solution File, Format Version 12.00
# Visual Studio 15
VisualStudioVersion = 15.0.27703.2035
MinimumVisualStudioVersion = 10.0.40219.1
Project("{FAE04EC0-301F-11D3-BF4B-00C04F79EFBC}") = "ResourceShower", "ResourceShower\ResourceShower.csproj", "{B8019120-3F6E-4A32-B065-D75D9038AB7D}"
EndProject
Global
	GlobalSection(SolutionConfigurationPlatforms) = preSolution
		Debug|Any CPU = Debug|Any CPU
		Release|Any CPU = Release|Any CPU
	EndGlobalSection
	GlobalSection(ProjectConfigurationPlatforms) = postSolution
		{B8019120-3F6E-4A32-B065-D75D9038AB7D}.Debug|Any CPU.ActiveCfg = Debug|Any CPU
		{B8019120-3F6E-4A32-B065-D75D9038AB7D}.Debug|Any CPU.Build.0 = Debug|Any CPU
		{B8019120-3F6E-4A32-B065-D75D9038AB7D}.Release|Any CPU.ActiveCfg = Release|Any CPU
		{B8019120-3F6E-4A32-B065-D75D9038AB7D}.Release|Any CPU.Build.0 = Release|Any CPU
	EndGlobalSection
	GlobalSection(SolutionProperties) = preSolution
		HideSolutionNode = FALSE
	EndGlobalSection
	GlobalSection(ExtensibilityGlobals) = postSolution
		SolutionGuid = {101F978B-A4BC-4BF2-BD4E-AD2D8B31AC20}
	EndGlobalSection
EndGlobal
